
Microsoft Visual Studio Solution File, Format Version 12.00
# Visual Studio Version 16
VisualStudioVersion = 16.0.29318.209
MinimumVisualStudioVersion = 10.0.40219.1
Project("{9A19103F-16F7-4668-BE54-9A1E7A4F7556}") = "Stop.API", "Stop.API\Stop.API.csproj", "{DD0EA9C4-45C9-4E88-8DBF-44725C6853E1}"
EndProject
Project("{9A19103F-16F7-4668-BE54-9A1E7A4F7556}") = "Stop.API.UnitTests", "Stop.API.Tests\Stop.API.UnitTests.csproj", "{06F90BF8-FE95-430D-9781-E1F715AE9A1E}"
EndProject
Project("{9A19103F-16F7-4668-BE54-9A1E7A4F7556}") = "Stop.API.IntegrationTests", "Stop.API.IntegrationTests\Stop.API.IntegrationTests.csproj", "{66EC2E9F-B5F0-4F95-9C54-C44F17F8C3FD}"
EndProject
Project("{FAE04EC0-301F-11D3-BF4B-00C04F79EFBC}") = "Stop.Repository", "Stop.Repositories\Stop.Repository.csproj", "{D32844C9-8F75-4A98-849F-E304EE775299}"
EndProject
Project("{FAE04EC0-301F-11D3-BF4B-00C04F79EFBC}") = "Stop.Model", "Stop.Models\Stop.Model.csproj", "{3E88C31B-3780-4E06-8B09-843D9AB7D2F7}"
EndProject
Project("{FAE04EC0-301F-11D3-BF4B-00C04F79EFBC}") = "Stop.Repository.UnitTests", "Stop.Repository.UnitTests\Stop.Repository.UnitTests.csproj", "{FBB9F7EE-F696-4CA0-B7EF-7F02877A7F86}"
EndProject
Global
	GlobalSection(SolutionConfigurationPlatforms) = preSolution
		Debug|Any CPU = Debug|Any CPU
		Release|Any CPU = Release|Any CPU
	EndGlobalSection
	GlobalSection(ProjectConfigurationPlatforms) = postSolution
		{DD0EA9C4-45C9-4E88-8DBF-44725C6853E1}.Debug|Any CPU.ActiveCfg = Debug|Any CPU
		{DD0EA9C4-45C9-4E88-8DBF-44725C6853E1}.Debug|Any CPU.Build.0 = Debug|Any CPU
		{DD0EA9C4-45C9-4E88-8DBF-44725C6853E1}.Release|Any CPU.ActiveCfg = Release|Any CPU
		{DD0EA9C4-45C9-4E88-8DBF-44725C6853E1}.Release|Any CPU.Build.0 = Release|Any CPU
		{06F90BF8-FE95-430D-9781-E1F715AE9A1E}.Debug|Any CPU.ActiveCfg = Debug|Any CPU
		{06F90BF8-FE95-430D-9781-E1F715AE9A1E}.Debug|Any CPU.Build.0 = Debug|Any CPU
		{06F90BF8-FE95-430D-9781-E1F715AE9A1E}.Release|Any CPU.ActiveCfg = Release|Any CPU
		{06F90BF8-FE95-430D-9781-E1F715AE9A1E}.Release|Any CPU.Build.0 = Release|Any CPU
		{66EC2E9F-B5F0-4F95-9C54-C44F17F8C3FD}.Debug|Any CPU.ActiveCfg = Debug|Any CPU
		{66EC2E9F-B5F0-4F95-9C54-C44F17F8C3FD}.Debug|Any CPU.Build.0 = Debug|Any CPU
		{66EC2E9F-B5F0-4F95-9C54-C44F17F8C3FD}.Release|Any CPU.ActiveCfg = Release|Any CPU
		{66EC2E9F-B5F0-4F95-9C54-C44F17F8C3FD}.Release|Any CPU.Build.0 = Release|Any CPU
		{D32844C9-8F75-4A98-849F-E304EE775299}.Debug|Any CPU.ActiveCfg = Debug|Any CPU
		{D32844C9-8F75-4A98-849F-E304EE775299}.Debug|Any CPU.Build.0 = Debug|Any CPU
		{D32844C9-8F75-4A98-849F-E304EE775299}.Release|Any CPU.ActiveCfg = Release|Any CPU
		{D32844C9-8F75-4A98-849F-E304EE775299}.Release|Any CPU.Build.0 = Release|Any CPU
		{3E88C31B-3780-4E06-8B09-843D9AB7D2F7}.Debug|Any CPU.ActiveCfg = Debug|Any CPU
		{3E88C31B-3780-4E06-8B09-843D9AB7D2F7}.Debug|Any CPU.Build.0 = Debug|Any CPU
		{3E88C31B-3780-4E06-8B09-843D9AB7D2F7}.Release|Any CPU.ActiveCfg = Release|Any CPU
		{3E88C31B-3780-4E06-8B09-843D9AB7D2F7}.Release|Any CPU.Build.0 = Release|Any CPU
		{FBB9F7EE-F696-4CA0-B7EF-7F02877A7F86}.Debug|Any CPU.ActiveCfg = Debug|Any CPU
		{FBB9F7EE-F696-4CA0-B7EF-7F02877A7F86}.Debug|Any CPU.Build.0 = Debug|Any CPU
		{FBB9F7EE-F696-4CA0-B7EF-7F02877A7F86}.Release|Any CPU.ActiveCfg = Release|Any CPU
		{FBB9F7EE-F696-4CA0-B7EF-7F02877A7F86}.Release|Any CPU.Build.0 = Release|Any CPU
	EndGlobalSection
	GlobalSection(SolutionProperties) = preSolution
		HideSolutionNode = FALSE
	EndGlobalSection
	GlobalSection(ExtensibilityGlobals) = postSolution
		SolutionGuid = {DF45E8C2-9A40-4EDC-B4C8-65571902B78A}
	EndGlobalSection
EndGlobal
